
Microsoft Visual Studio Solution File, Format Version 12.00
# Visual Studio Version 17
VisualStudioVersion = 17.2.32602.215
MinimumVisualStudioVersion = 10.0.40219.1
Project("{FAE04EC0-301F-11D3-BF4B-00C04F79EFBC}") = "ToDo LIst", "ToDo LIst\ToDo LIst.csproj", "{027E5DFC-BD39-4777-875C-AD8FBA267B3B}"
EndProject
Global
	GlobalSection(SolutionConfigurationPlatforms) = preSolution
		Debug|Any CPU = Debug|Any CPU
		Release|Any CPU = Release|Any CPU
	EndGlobalSection
	GlobalSection(ProjectConfigurationPlatforms) = postSolution
		{027E5DFC-BD39-4777-875C-AD8FBA267B3B}.Debug|Any CPU.ActiveCfg = Debug|Any CPU
		{027E5DFC-BD39-4777-875C-AD8FBA267B3B}.Debug|Any CPU.Build.0 = Debug|Any CPU
		{027E5DFC-BD39-4777-875C-AD8FBA267B3B}.Release|Any CPU.ActiveCfg = Release|Any CPU
		{027E5DFC-BD39-4777-875C-AD8FBA267B3B}.Release|Any CPU.Build.0 = Release|Any CPU
	EndGlobalSection
	GlobalSection(SolutionProperties) = preSolution
		HideSolutionNode = FALSE
	EndGlobalSection
	GlobalSection(ExtensibilityGlobals) = postSolution
		SolutionGuid = {574EC46C-A911-4A35-9A23-685BD6D0E38A}
	EndGlobalSection
EndGlobal
